// !$*UTF8*$!
{
	archiveVersion = 1;
	classes = {
	};
	objectVersion = 46;
	objects = {

/* Begin PBXBuildFile section */
		44B3EE031B6DFB7E00CB9421 /* felpudoFly10@2x.png in Resources */ = {isa = PBXBuildFile; fileRef = 44B3EDF71B6DFB7E00CB9421 /* felpudoFly10@2x.png */; };
		44B3EE041B6DFB7E00CB9421 /* felpudoFly11@2x.png in Resources */ = {isa = PBXBuildFile; fileRef = 44B3EDF81B6DFB7E00CB9421 /* felpudoFly11@2x.png */; };
		44B3EE051B6DFB7E00CB9421 /* felpudoFly12@2x.png in Resources */ = {isa = PBXBuildFile; fileRef = 44B3EDF91B6DFB7E00CB9421 /* felpudoFly12@2x.png */; };
		44B3EE061B6DFB7E00CB9421 /* felpudoFly1@2x.png in Resources */ = {isa = PBXBuildFile; fileRef = 44B3EDFA1B6DFB7E00CB9421 /* felpudoFly1@2x.png */; };
		44B3EE071B6DFB7E00CB9421 /* felpudoFly2@2x.png in Resources */ = {isa = PBXBuildFile; fileRef = 44B3EDFB1B6DFB7E00CB9421 /* felpudoFly2@2x.png */; };
		44B3EE081B6DFB7E00CB9421 /* felpudoFly3@2x.png in Resources */ = {isa = PBXBuildFile; fileRef = 44B3EDFC1B6DFB7E00CB9421 /* felpudoFly3@2x.png */; };
		44B3EE091B6DFB7E00CB9421 /* felpudoFly4@2x.png in Resources */ = {isa = PBXBuildFile; fileRef = 44B3EDFD1B6DFB7E00CB9421 /* felpudoFly4@2x.png */; };
		44B3EE0A1B6DFB7E00CB9421 /* felpudoFly5@2x.png in Resources */ = {isa = PBXBuildFile; fileRef = 44B3EDFE1B6DFB7E00CB9421 /* felpudoFly5@2x.png */; };
		44B3EE0B1B6DFB7E00CB9421 /* felpudoFly6@2x.png in Resources */ = {isa = PBXBuildFile; fileRef = 44B3EDFF1B6DFB7E00CB9421 /* felpudoFly6@2x.png */; };
		44B3EE0C1B6DFB7E00CB9421 /* felpudoFly7@2x.png in Resources */ = {isa = PBXBuildFile; fileRef = 44B3EE001B6DFB7E00CB9421 /* felpudoFly7@2x.png */; };
		44B3EE0D1B6DFB7E00CB9421 /* felpudoFly8@2x.png in Resources */ = {isa = PBXBuildFile; fileRef = 44B3EE011B6DFB7E00CB9421 /* felpudoFly8@2x.png */; };
		44B3EE0E1B6DFB7E00CB9421 /* felpudoFly9@2x.png in Resources */ = {isa = PBXBuildFile; fileRef = 44B3EE021B6DFB7E00CB9421 /* felpudoFly9@2x.png */; };
		7634C0741B6D4DE40016332B /* AppDelegate.swift in Sources */ = {isa = PBXBuildFile; fileRef = 7634C0731B6D4DE40016332B /* AppDelegate.swift */; };
		7634C0761B6D4DE40016332B /* GameScene.sks in Resources */ = {isa = PBXBuildFile; fileRef = 7634C0751B6D4DE40016332B /* GameScene.sks */; };
		7634C0781B6D4DE40016332B /* GameScene.swift in Sources */ = {isa = PBXBuildFile; fileRef = 7634C0771B6D4DE40016332B /* GameScene.swift */; };
		7634C07A1B6D4DE40016332B /* GameViewController.swift in Sources */ = {isa = PBXBuildFile; fileRef = 7634C0791B6D4DE40016332B /* GameViewController.swift */; };
		7634C07D1B6D4DE40016332B /* Main.storyboard in Resources */ = {isa = PBXBuildFile; fileRef = 7634C07B1B6D4DE40016332B /* Main.storyboard */; };
		7634C07F1B6D4DE40016332B /* Images.xcassets in Resources */ = {isa = PBXBuildFile; fileRef = 7634C07E1B6D4DE40016332B /* Images.xcassets */; };
		7634C0821B6D4DE40016332B /* LaunchScreen.xib in Resources */ = {isa = PBXBuildFile; fileRef = 7634C0801B6D4DE40016332B /* LaunchScreen.xib */; };
		7634C08E1B6D4DE40016332B /* Crappy_BirdTests.swift in Sources */ = {isa = PBXBuildFile; fileRef = 7634C08D1B6D4DE40016332B /* Crappy_BirdTests.swift */; };
		7634C0B51B6D93210016332B /* felpudoHit.mp3 in Resources */ = {isa = PBXBuildFile; fileRef = 7634C0B11B6D93210016332B /* felpudoHit.mp3 */; };
		7634C0B61B6D93210016332B /* felpudoVoa.mp3 in Resources */ = {isa = PBXBuildFile; fileRef = 7634C0B21B6D93210016332B /* felpudoVoa.mp3 */; };
		7634C0B71B6D93210016332B /* nota1.mp3 in Resources */ = {isa = PBXBuildFile; fileRef = 7634C0B31B6D93210016332B /* nota1.mp3 */; };
		7634C0B81B6D93210016332B /* pena@2x.png in Resources */ = {isa = PBXBuildFile; fileRef = 7634C0B41B6D93210016332B /* pena@2x.png */; };
		7634C0BA1B6D98400016332B /* MainMenu.swift in Sources */ = {isa = PBXBuildFile; fileRef = 7634C0B91B6D98400016332B /* MainMenu.swift */; };
/* End PBXBuildFile section */

/* Begin PBXContainerItemProxy section */
		7634C0881B6D4DE40016332B /* PBXContainerItemProxy */ = {
			isa = PBXContainerItemProxy;
			containerPortal = 7634C0661B6D4DE40016332B /* Project object */;
			proxyType = 1;
			remoteGlobalIDString = 7634C06D1B6D4DE40016332B;
			remoteInfo = "Crappy Bird";
		};
/* End PBXContainerItemProxy section */

/* Begin PBXFileReference section */
		44B3EDF71B6DFB7E00CB9421 /* felpudoFly10@2x.png */ = {isa = PBXFileReference; lastKnownFileType = image.png; path = "felpudoFly10@2x.png"; sourceTree = "<group>"; };
		44B3EDF81B6DFB7E00CB9421 /* felpudoFly11@2x.png */ = {isa = PBXFileReference; lastKnownFileType = image.png; path = "felpudoFly11@2x.png"; sourceTree = "<group>"; };
		44B3EDF91B6DFB7E00CB9421 /* felpudoFly12@2x.png */ = {isa = PBXFileReference; lastKnownFileType = image.png; path = "felpudoFly12@2x.png"; sourceTree = "<group>"; };
		44B3EDFA1B6DFB7E00CB9421 /* felpudoFly1@2x.png */ = {isa = PBXFileReference; lastKnownFileType = image.png; path = "felpudoFly1@2x.png"; sourceTree = "<group>"; };
		44B3EDFB1B6DFB7E00CB9421 /* felpudoFly2@2x.png */ = {isa = PBXFileReference; lastKnownFileType = image.png; path = "felpudoFly2@2x.png"; sourceTree = "<group>"; };
		44B3EDFC1B6DFB7E00CB9421 /* felpudoFly3@2x.png */ = {isa = PBXFileReference; lastKnownFileType = image.png; path = "felpudoFly3@2x.png"; sourceTree = "<group>"; };
		44B3EDFD1B6DFB7E00CB9421 /* felpudoFly4@2x.png */ = {isa = PBXFileReference; lastKnownFileType = image.png; path = "felpudoFly4@2x.png"; sourceTree = "<group>"; };
		44B3EDFE1B6DFB7E00CB9421 /* felpudoFly5@2x.png */ = {isa = PBXFileReference; lastKnownFileType = image.png; path = "felpudoFly5@2x.png"; sourceTree = "<group>"; };
		44B3EDFF1B6DFB7E00CB9421 /* felpudoFly6@2x.png */ = {isa = PBXFileReference; lastKnownFileType = image.png; path = "felpudoFly6@2x.png"; sourceTree = "<group>"; };
		44B3EE001B6DFB7E00CB9421 /* felpudoFly7@2x.png */ = {isa = PBXFileReference; lastKnownFileType = image.png; path = "felpudoFly7@2x.png"; sourceTree = "<group>"; };
		44B3EE011B6DFB7E00CB9421 /* felpudoFly8@2x.png */ = {isa = PBXFileReference; lastKnownFileType = image.png; path = "felpudoFly8@2x.png"; sourceTree = "<group>"; };
		44B3EE021B6DFB7E00CB9421 /* felpudoFly9@2x.png */ = {isa = PBXFileReference; lastKnownFileType = image.png; path = "felpudoFly9@2x.png"; sourceTree = "<group>"; };
		7634C06E1B6D4DE40016332B /* Crappy Bird.app */ = {isa = PBXFileReference; explicitFileType = wrapper.application; includeInIndex = 0; path = "Crappy Bird.app"; sourceTree = BUILT_PRODUCTS_DIR; };
		7634C0721B6D4DE40016332B /* Info.plist */ = {isa = PBXFileReference; lastKnownFileType = text.plist.xml; path = Info.plist; sourceTree = "<group>"; };
		7634C0731B6D4DE40016332B /* AppDelegate.swift */ = {isa = PBXFileReference; lastKnownFileType = sourcecode.swift; path = AppDelegate.swift; sourceTree = "<group>"; };
		7634C0751B6D4DE40016332B /* GameScene.sks */ = {isa = PBXFileReference; lastKnownFileType = file.sks; path = GameScene.sks; sourceTree = "<group>"; };
		7634C0771B6D4DE40016332B /* GameScene.swift */ = {isa = PBXFileReference; lastKnownFileType = sourcecode.swift; path = GameScene.swift; sourceTree = "<group>"; };
		7634C0791B6D4DE40016332B /* GameViewController.swift */ = {isa = PBXFileReference; lastKnownFileType = sourcecode.swift; path = GameViewController.swift; sourceTree = "<group>"; };
		7634C07C1B6D4DE40016332B /* Base */ = {isa = PBXFileReference; lastKnownFileType = file.storyboard; name = Base; path = Base.lproj/Main.storyboard; sourceTree = "<group>"; };
		7634C07E1B6D4DE40016332B /* Images.xcassets */ = {isa = PBXFileReference; lastKnownFileType = folder.assetcatalog; path = Images.xcassets; sourceTree = "<group>"; };
		7634C0811B6D4DE40016332B /* Base */ = {isa = PBXFileReference; lastKnownFileType = file.xib; name = Base; path = Base.lproj/LaunchScreen.xib; sourceTree = "<group>"; };
		7634C0871B6D4DE40016332B /* Crappy BirdTests.xctest */ = {isa = PBXFileReference; explicitFileType = wrapper.cfbundle; includeInIndex = 0; path = "Crappy BirdTests.xctest"; sourceTree = BUILT_PRODUCTS_DIR; };
		7634C08C1B6D4DE40016332B /* Info.plist */ = {isa = PBXFileReference; lastKnownFileType = text.plist.xml; path = Info.plist; sourceTree = "<group>"; };
		7634C08D1B6D4DE40016332B /* Crappy_BirdTests.swift */ = {isa = PBXFileReference; lastKnownFileType = sourcecode.swift; path = Crappy_BirdTests.swift; sourceTree = "<group>"; };
		7634C0B11B6D93210016332B /* felpudoHit.mp3 */ = {isa = PBXFileReference; lastKnownFileType = audio.mp3; path = felpudoHit.mp3; sourceTree = "<group>"; };
		7634C0B21B6D93210016332B /* felpudoVoa.mp3 */ = {isa = PBXFileReference; lastKnownFileType = audio.mp3; path = felpudoVoa.mp3; sourceTree = "<group>"; };
		7634C0B31B6D93210016332B /* nota1.mp3 */ = {isa = PBXFileReference; lastKnownFileType = audio.mp3; path = nota1.mp3; sourceTree = "<group>"; };
		7634C0B41B6D93210016332B /* pena@2x.png */ = {isa = PBXFileReference; lastKnownFileType = image.png; path = "pena@2x.png"; sourceTree = "<group>"; };
		7634C0B91B6D98400016332B /* MainMenu.swift */ = {isa = PBXFileReference; fileEncoding = 4; lastKnownFileType = sourcecode.swift; path = MainMenu.swift; sourceTree = "<group>"; };
/* End PBXFileReference section */

/* Begin PBXFrameworksBuildPhase section */
		7634C06B1B6D4DE40016332B /* Frameworks */ = {
			isa = PBXFrameworksBuildPhase;
			buildActionMask = 2147483647;
			files = (
			);
			runOnlyForDeploymentPostprocessing = 0;
		};
		7634C0841B6D4DE40016332B /* Frameworks */ = {
			isa = PBXFrameworksBuildPhase;
			buildActionMask = 2147483647;
			files = (
			);
			runOnlyForDeploymentPostprocessing = 0;
		};
/* End PBXFrameworksBuildPhase section */

/* Begin PBXGroup section */
		44B3EDF61B6DFB7E00CB9421 /* player */ = {
			isa = PBXGroup;
			children = (
				44B3EDF71B6DFB7E00CB9421 /* felpudoFly10@2x.png */,
				44B3EDF81B6DFB7E00CB9421 /* felpudoFly11@2x.png */,
				44B3EDF91B6DFB7E00CB9421 /* felpudoFly12@2x.png */,
				44B3EDFA1B6DFB7E00CB9421 /* felpudoFly1@2x.png */,
				44B3EDFB1B6DFB7E00CB9421 /* felpudoFly2@2x.png */,
				44B3EDFC1B6DFB7E00CB9421 /* felpudoFly3@2x.png */,
				44B3EDFD1B6DFB7E00CB9421 /* felpudoFly4@2x.png */,
				44B3EDFE1B6DFB7E00CB9421 /* felpudoFly5@2x.png */,
				44B3EDFF1B6DFB7E00CB9421 /* felpudoFly6@2x.png */,
				44B3EE001B6DFB7E00CB9421 /* felpudoFly7@2x.png */,
				44B3EE011B6DFB7E00CB9421 /* felpudoFly8@2x.png */,
				44B3EE021B6DFB7E00CB9421 /* felpudoFly9@2x.png */,
			);
			path = player;
			sourceTree = "<group>";
		};
		7634C0651B6D4DE40016332B = {
			isa = PBXGroup;
			children = (
				7634C0701B6D4DE40016332B /* Crappy Bird */,
				7634C08A1B6D4DE40016332B /* Crappy BirdTests */,
				7634C06F1B6D4DE40016332B /* Products */,
			);
			sourceTree = "<group>";
		};
		7634C06F1B6D4DE40016332B /* Products */ = {
			isa = PBXGroup;
			children = (
				7634C06E1B6D4DE40016332B /* Crappy Bird.app */,
				7634C0871B6D4DE40016332B /* Crappy BirdTests.xctest */,
			);
			name = Products;
			sourceTree = "<group>";
		};
		7634C0701B6D4DE40016332B /* Crappy Bird */ = {
			isa = PBXGroup;
			children = (
				44B3EDF61B6DFB7E00CB9421 /* player */,
				7634C0B01B6D93210016332B /* FlappyResources */,
				7634C0731B6D4DE40016332B /* AppDelegate.swift */,
				7634C0751B6D4DE40016332B /* GameScene.sks */,
				7634C0771B6D4DE40016332B /* GameScene.swift */,
				7634C0B91B6D98400016332B /* MainMenu.swift */,
				7634C0791B6D4DE40016332B /* GameViewController.swift */,
				7634C07B1B6D4DE40016332B /* Main.storyboard */,
				7634C07E1B6D4DE40016332B /* Images.xcassets */,
				7634C0801B6D4DE40016332B /* LaunchScreen.xib */,
				7634C0711B6D4DE40016332B /* Supporting Files */,
			);
			path = "Crappy Bird";
			sourceTree = "<group>";
		};
		7634C0711B6D4DE40016332B /* Supporting Files */ = {
			isa = PBXGroup;
			children = (
				7634C0721B6D4DE40016332B /* Info.plist */,
			);
			name = "Supporting Files";
			sourceTree = "<group>";
		};
		7634C08A1B6D4DE40016332B /* Crappy BirdTests */ = {
			isa = PBXGroup;
			children = (
				7634C08D1B6D4DE40016332B /* Crappy_BirdTests.swift */,
				7634C08B1B6D4DE40016332B /* Supporting Files */,
			);
			path = "Crappy BirdTests";
			sourceTree = "<group>";
		};
		7634C08B1B6D4DE40016332B /* Supporting Files */ = {
			isa = PBXGroup;
			children = (
				7634C08C1B6D4DE40016332B /* Info.plist */,
			);
			name = "Supporting Files";
			sourceTree = "<group>";
		};
		7634C0B01B6D93210016332B /* FlappyResources */ = {
			isa = PBXGroup;
			children = (
				7634C0B11B6D93210016332B /* felpudoHit.mp3 */,
				7634C0B21B6D93210016332B /* felpudoVoa.mp3 */,
				7634C0B31B6D93210016332B /* nota1.mp3 */,
				7634C0B41B6D93210016332B /* pena@2x.png */,
			);
			path = FlappyResources;
			sourceTree = "<group>";
		};
/* End PBXGroup section */

/* Begin PBXNativeTarget section */
		7634C06D1B6D4DE40016332B /* Crappy Bird */ = {
			isa = PBXNativeTarget;
			buildConfigurationList = 7634C0911B6D4DE40016332B /* Build configuration list for PBXNativeTarget "Crappy Bird" */;
			buildPhases = (
				7634C06A1B6D4DE40016332B /* Sources */,
				7634C06B1B6D4DE40016332B /* Frameworks */,
				7634C06C1B6D4DE40016332B /* Resources */,
			);
			buildRules = (
			);
			dependencies = (
			);
			name = "Crappy Bird";
			productName = "Crappy Bird";
			productReference = 7634C06E1B6D4DE40016332B /* Crappy Bird.app */;
			productType = "com.apple.product-type.application";
		};
		7634C0861B6D4DE40016332B /* Crappy BirdTests */ = {
			isa = PBXNativeTarget;
			buildConfigurationList = 7634C0941B6D4DE40016332B /* Build configuration list for PBXNativeTarget "Crappy BirdTests" */;
			buildPhases = (
				7634C0831B6D4DE40016332B /* Sources */,
				7634C0841B6D4DE40016332B /* Frameworks */,
				7634C0851B6D4DE40016332B /* Resources */,
			);
			buildRules = (
			);
			dependencies = (
				7634C0891B6D4DE40016332B /* PBXTargetDependency */,
			);
			name = "Crappy BirdTests";
			productName = "Crappy BirdTests";
			productReference = 7634C0871B6D4DE40016332B /* Crappy BirdTests.xctest */;
			productType = "com.apple.product-type.bundle.unit-test";
		};
/* End PBXNativeTarget section */

/* Begin PBXProject section */
		7634C0661B6D4DE40016332B /* Project object */ = {
			isa = PBXProject;
			attributes = {
				LastUpgradeCheck = 0640;
				ORGANIZATIONNAME = "James Yang";
				TargetAttributes = {
					7634C06D1B6D4DE40016332B = {
						CreatedOnToolsVersion = 6.4;
					};
					7634C0861B6D4DE40016332B = {
						CreatedOnToolsVersion = 6.4;
						TestTargetID = 7634C06D1B6D4DE40016332B;
					};
				};
			};
			buildConfigurationList = 7634C0691B6D4DE40016332B /* Build configuration list for PBXProject "Crappy Bird" */;
			compatibilityVersion = "Xcode 3.2";
			developmentRegion = English;
			hasScannedForEncodings = 0;
			knownRegions = (
				en,
				Base,
			);
			mainGroup = 7634C0651B6D4DE40016332B;
			productRefGroup = 7634C06F1B6D4DE40016332B /* Products */;
			projectDirPath = "";
			projectRoot = "";
			targets = (
				7634C06D1B6D4DE40016332B /* Crappy Bird */,
				7634C0861B6D4DE40016332B /* Crappy BirdTests */,
			);
		};
/* End PBXProject section */

/* Begin PBXResourcesBuildPhase section */
		7634C06C1B6D4DE40016332B /* Resources */ = {
			isa = PBXResourcesBuildPhase;
			buildActionMask = 2147483647;
			files = (
				44B3EE071B6DFB7E00CB9421 /* felpudoFly2@2x.png in Resources */,
				44B3EE0B1B6DFB7E00CB9421 /* felpudoFly6@2x.png in Resources */,
				44B3EE091B6DFB7E00CB9421 /* felpudoFly4@2x.png in Resources */,
				44B3EE041B6DFB7E00CB9421 /* felpudoFly11@2x.png in Resources */,
				44B3EE0C1B6DFB7E00CB9421 /* felpudoFly7@2x.png in Resources */,
				7634C0B71B6D93210016332B /* nota1.mp3 in Resources */,
				44B3EE061B6DFB7E00CB9421 /* felpudoFly1@2x.png in Resources */,
				7634C0821B6D4DE40016332B /* LaunchScreen.xib in Resources */,
				7634C07F1B6D4DE40016332B /* Images.xcassets in Resources */,
				44B3EE051B6DFB7E00CB9421 /* felpudoFly12@2x.png in Resources */,
				44B3EE0E1B6DFB7E00CB9421 /* felpudoFly9@2x.png in Resources */,
				7634C0B61B6D93210016332B /* felpudoVoa.mp3 in Resources */,
				44B3EE081B6DFB7E00CB9421 /* felpudoFly3@2x.png in Resources */,
				7634C0B81B6D93210016332B /* pena@2x.png in Resources */,
				7634C0761B6D4DE40016332B /* GameScene.sks in Resources */,
				7634C07D1B6D4DE40016332B /* Main.storyboard in Resources */,
				7634C0B51B6D93210016332B /* felpudoHit.mp3 in Resources */,
				44B3EE0D1B6DFB7E00CB9421 /* felpudoFly8@2x.png in Resources */,
				44B3EE0A1B6DFB7E00CB9421 /* felpudoFly5@2x.png in Resources */,
				44B3EE031B6DFB7E00CB9421 /* felpudoFly10@2x.png in Resources */,
			);
			runOnlyForDeploymentPostprocessing = 0;
		};
		7634C0851B6D4DE40016332B /* Resources */ = {
			isa = PBXResourcesBuildPhase;
			buildActionMask = 2147483647;
			files = (
			);
			runOnlyForDeploymentPostprocessing = 0;
		};
/* End PBXResourcesBuildPhase section */

/* Begin PBXSourcesBuildPhase section */
		7634C06A1B6D4DE40016332B /* Sources */ = {
			isa = PBXSourcesBuildPhase;
			buildActionMask = 2147483647;
			files = (
				7634C0781B6D4DE40016332B /* GameScene.swift in Sources */,
				7634C07A1B6D4DE40016332B /* GameViewController.swift in Sources */,
				7634C0741B6D4DE40016332B /* AppDelegate.swift in Sources */,
				7634C0BA1B6D98400016332B /* MainMenu.swift in Sources */,
			);
			runOnlyForDeploymentPostprocessing = 0;
		};
		7634C0831B6D4DE40016332B /* Sources */ = {
			isa = PBXSourcesBuildPhase;
			buildActionMask = 2147483647;
			files = (
				7634C08E1B6D4DE40016332B /* Crappy_BirdTests.swift in Sources */,
			);
			runOnlyForDeploymentPostprocessing = 0;
		};
/* End PBXSourcesBuildPhase section */

/* Begin PBXTargetDependency section */
		7634C0891B6D4DE40016332B /* PBXTargetDependency */ = {
			isa = PBXTargetDependency;
			target = 7634C06D1B6D4DE40016332B /* Crappy Bird */;
			targetProxy = 7634C0881B6D4DE40016332B /* PBXContainerItemProxy */;
		};
/* End PBXTargetDependency section */

/* Begin PBXVariantGroup section */
		7634C07B1B6D4DE40016332B /* Main.storyboard */ = {
			isa = PBXVariantGroup;
			children = (
				7634C07C1B6D4DE40016332B /* Base */,
			);
			name = Main.storyboard;
			sourceTree = "<group>";
		};
		7634C0801B6D4DE40016332B /* LaunchScreen.xib */ = {
			isa = PBXVariantGroup;
			children = (
				7634C0811B6D4DE40016332B /* Base */,
			);
			name = LaunchScreen.xib;
			sourceTree = "<group>";
		};
/* End PBXVariantGroup section */

/* Begin XCBuildConfiguration section */
		7634C08F1B6D4DE40016332B /* Debug */ = {
			isa = XCBuildConfiguration;
			buildSettings = {
				ALWAYS_SEARCH_USER_PATHS = NO;
				CLANG_CXX_LANGUAGE_STANDARD = "gnu++0x";
				CLANG_CXX_LIBRARY = "libc++";
				CLANG_ENABLE_MODULES = YES;
				CLANG_ENABLE_OBJC_ARC = YES;
				CLANG_WARN_BOOL_CONVERSION = YES;
				CLANG_WARN_CONSTANT_CONVERSION = YES;
				CLANG_WARN_DIRECT_OBJC_ISA_USAGE = YES_ERROR;
				CLANG_WARN_EMPTY_BODY = YES;
				CLANG_WARN_ENUM_CONVERSION = YES;
				CLANG_WARN_INT_CONVERSION = YES;
				CLANG_WARN_OBJC_ROOT_CLASS = YES_ERROR;
				CLANG_WARN_UNREACHABLE_CODE = YES;
				CLANG_WARN__DUPLICATE_METHOD_MATCH = YES;
				"CODE_SIGN_IDENTITY[sdk=iphoneos*]" = "iPhone Developer";
				COPY_PHASE_STRIP = NO;
				DEBUG_INFORMATION_FORMAT = "dwarf-with-dsym";
				ENABLE_STRICT_OBJC_MSGSEND = YES;
				GCC_C_LANGUAGE_STANDARD = gnu99;
				GCC_DYNAMIC_NO_PIC = NO;
				GCC_NO_COMMON_BLOCKS = YES;
				GCC_OPTIMIZATION_LEVEL = 0;
				GCC_PREPROCESSOR_DEFINITIONS = (
					"DEBUG=1",
					"$(inherited)",
				);
				GCC_SYMBOLS_PRIVATE_EXTERN = NO;
				GCC_WARN_64_TO_32_BIT_CONVERSION = YES;
				GCC_WARN_ABOUT_RETURN_TYPE = YES_ERROR;
				GCC_WARN_UNDECLARED_SELECTOR = YES;
				GCC_WARN_UNINITIALIZED_AUTOS = YES_AGGRESSIVE;
				GCC_WARN_UNUSED_FUNCTION = YES;
				GCC_WARN_UNUSED_VARIABLE = YES;
				IPHONEOS_DEPLOYMENT_TARGET = 8.4;
				MTL_ENABLE_DEBUG_INFO = YES;
				ONLY_ACTIVE_ARCH = YES;
				SDKROOT = iphoneos;
				SWIFT_OPTIMIZATION_LEVEL = "-Onone";
			};
			name = Debug;
		};
		7634C0901B6D4DE40016332B /* Release */ = {
			isa = XCBuildConfiguration;
			buildSettings = {
				ALWAYS_SEARCH_USER_PATHS = NO;
				CLANG_CXX_LANGUAGE_STANDARD = "gnu++0x";
				CLANG_CXX_LIBRARY = "libc++";
				CLANG_ENABLE_MODULES = YES;
				CLANG_ENABLE_OBJC_ARC = YES;
				CLANG_WARN_BOOL_CONVERSION = YES;
				CLANG_WARN_CONSTANT_CONVERSION = YES;
				CLANG_WARN_DIRECT_OBJC_ISA_USAGE = YES_ERROR;
				CLANG_WARN_EMPTY_BODY = YES;
				CLANG_WARN_ENUM_CONVERSION = YES;
				CLANG_WARN_INT_CONVERSION = YES;
				CLANG_WARN_OBJC_ROOT_CLASS = YES_ERROR;
				CLANG_WARN_UNREACHABLE_CODE = YES;
				CLANG_WARN__DUPLICATE_METHOD_MATCH = YES;
				"CODE_SIGN_IDENTITY[sdk=iphoneos*]" = "iPhone Developer";
				COPY_PHASE_STRIP = NO;
				DEBUG_INFORMATION_FORMAT = "dwarf-with-dsym";
				ENABLE_NS_ASSERTIONS = NO;
				ENABLE_STRICT_OBJC_MSGSEND = YES;
				GCC_C_LANGUAGE_STANDARD = gnu99;
				GCC_NO_COMMON_BLOCKS = YES;
				GCC_WARN_64_TO_32_BIT_CONVERSION = YES;
				GCC_WARN_ABOUT_RETURN_TYPE = YES_ERROR;
				GCC_WARN_UNDECLARED_SELECTOR = YES;
				GCC_WARN_UNINITIALIZED_AUTOS = YES_AGGRESSIVE;
				GCC_WARN_UNUSED_FUNCTION = YES;
				GCC_WARN_UNUSED_VARIABLE = YES;
				IPHONEOS_DEPLOYMENT_TARGET = 8.4;
				MTL_ENABLE_DEBUG_INFO = NO;
				SDKROOT = iphoneos;
				VALIDATE_PRODUCT = YES;
			};
			name = Release;
		};
		7634C0921B6D4DE40016332B /* Debug */ = {
			isa = XCBuildConfiguration;
			buildSettings = {
				ASSETCATALOG_COMPILER_APPICON_NAME = AppIcon;
				ASSETCATALOG_COMPILER_LAUNCHIMAGE_NAME = LaunchImage;
				INFOPLIST_FILE = "Crappy Bird/Info.plist";
				LD_RUNPATH_SEARCH_PATHS = "$(inherited) @executable_path/Frameworks";
				PRODUCT_NAME = "$(TARGET_NAME)";
			};
			name = Debug;
		};
		7634C0931B6D4DE40016332B /* Release */ = {
			isa = XCBuildConfiguration;
			buildSettings = {
				ASSETCATALOG_COMPILER_APPICON_NAME = AppIcon;
				ASSETCATALOG_COMPILER_LAUNCHIMAGE_NAME = LaunchImage;
				INFOPLIST_FILE = "Crappy Bird/Info.plist";
				LD_RUNPATH_SEARCH_PATHS = "$(inherited) @executable_path/Frameworks";
				PRODUCT_NAME = "$(TARGET_NAME)";
			};
			name = Release;
		};
		7634C0951B6D4DE40016332B /* Debug */ = {
			isa = XCBuildConfiguration;
			buildSettings = {
				BUNDLE_LOADER = "$(TEST_HOST)";
				FRAMEWORK_SEARCH_PATHS = (
					"$(SDKROOT)/Developer/Library/Frameworks",
					"$(inherited)",
				);
				GCC_PREPROCESSOR_DEFINITIONS = (
					"DEBUG=1",
					"$(inherited)",
				);
				INFOPLIST_FILE = "Crappy BirdTests/Info.plist";
				LD_RUNPATH_SEARCH_PATHS = "$(inherited) @executable_path/Frameworks @loader_path/Frameworks";
				PRODUCT_NAME = "$(TARGET_NAME)";
				TEST_HOST = "$(BUILT_PRODUCTS_DIR)/Crappy Bird.app/Crappy Bird";
			};
			name = Debug;
		};
		7634C0961B6D4DE40016332B /* Release */ = {
			isa = XCBuildConfiguration;
			buildSettings = {
				BUNDLE_LOADER = "$(TEST_HOST)";
				FRAMEWORK_SEARCH_PATHS = (
					"$(SDKROOT)/Developer/Library/Frameworks",
					"$(inherited)",
				);
				INFOPLIST_FILE = "Crappy BirdTests/Info.plist";
				LD_RUNPATH_SEARCH_PATHS = "$(inherited) @executable_path/Frameworks @loader_path/Frameworks";
				PRODUCT_NAME = "$(TARGET_NAME)";
				TEST_HOST = "$(BUILT_PRODUCTS_DIR)/Crappy Bird.app/Crappy Bird";
			};
			name = Release;
		};
/* End XCBuildConfiguration section */

/* Begin XCConfigurationList section */
		7634C0691B6D4DE40016332B /* Build configuration list for PBXProject "Crappy Bird" */ = {
			isa = XCConfigurationList;
			buildConfigurations = (
				7634C08F1B6D4DE40016332B /* Debug */,
				7634C0901B6D4DE40016332B /* Release */,
			);
			defaultConfigurationIsVisible = 0;
			defaultConfigurationName = Release;
		};
		7634C0911B6D4DE40016332B /* Build configuration list for PBXNativeTarget "Crappy Bird" */ = {
			isa = XCConfigurationList;
			buildConfigurations = (
				7634C0921B6D4DE40016332B /* Debug */,
				7634C0931B6D4DE40016332B /* Release */,
			);
			defaultConfigurationIsVisible = 0;
			defaultConfigurationName = Release;
		};
		7634C0941B6D4DE40016332B /* Build configuration list for PBXNativeTarget "Crappy BirdTests" */ = {
			isa = XCConfigurationList;
			buildConfigurations = (
				7634C0951B6D4DE40016332B /* Debug */,
				7634C0961B6D4DE40016332B /* Release */,
			);
			defaultConfigurationIsVisible = 0;
			defaultConfigurationName = Release;
		};
/* End XCConfigurationList section */
	};
	rootObject = 7634C0661B6D4DE40016332B /* Project object */;
}
